
Microsoft Visual Studio Solution File, Format Version 12.00
# Visual Studio Version 16
VisualStudioVersion = 16.0.29215.179
MinimumVisualStudioVersion = 10.0.40219.1
Project("{9A19103F-16F7-4668-BE54-9A1E7A4F7556}") = "PozitronDev.Convert", "src\PozitronDev.Convert\PozitronDev.Convert.csproj", "{190CB2F7-5B73-409A-9B3F-B78F29BEC7BC}"
EndProject
Project("{2150E333-8FDC-42A3-9474-1A3956D46DE8}") = "Solution Items", "Solution Items", "{FC56A865-B6AD-403A-BE84-C08455D0A70A}"
	ProjectSection(SolutionItems) = preProject
		LICENSE.txt = LICENSE.txt
		README.md = README.md
	EndProjectSection
EndProject
Project("{FAE04EC0-301F-11D3-BF4B-00C04F79EFBC}") = "PozitronDev.Convert.Tests", "tests\PozitronDev.Convert.Tests\PozitronDev.Convert.Tests.csproj", "{E8922112-6399-4D72-8943-CB31C6AB9C77}"
EndProject
Global
	GlobalSection(SolutionConfigurationPlatforms) = preSolution
		Debug|Any CPU = Debug|Any CPU
		Release|Any CPU = Release|Any CPU
	EndGlobalSection
	GlobalSection(ProjectConfigurationPlatforms) = postSolution
		{190CB2F7-5B73-409A-9B3F-B78F29BEC7BC}.Debug|Any CPU.ActiveCfg = Debug|Any CPU
		{190CB2F7-5B73-409A-9B3F-B78F29BEC7BC}.Debug|Any CPU.Build.0 = Debug|Any CPU
		{190CB2F7-5B73-409A-9B3F-B78F29BEC7BC}.Release|Any CPU.ActiveCfg = Release|Any CPU
		{190CB2F7-5B73-409A-9B3F-B78F29BEC7BC}.Release|Any CPU.Build.0 = Release|Any CPU
		{E8922112-6399-4D72-8943-CB31C6AB9C77}.Debug|Any CPU.ActiveCfg = Debug|Any CPU
		{E8922112-6399-4D72-8943-CB31C6AB9C77}.Debug|Any CPU.Build.0 = Debug|Any CPU
		{E8922112-6399-4D72-8943-CB31C6AB9C77}.Release|Any CPU.ActiveCfg = Release|Any CPU
		{E8922112-6399-4D72-8943-CB31C6AB9C77}.Release|Any CPU.Build.0 = Release|Any CPU
	EndGlobalSection
	GlobalSection(SolutionProperties) = preSolution
		HideSolutionNode = FALSE
	EndGlobalSection
	GlobalSection(ExtensibilityGlobals) = postSolution
		SolutionGuid = {80BEB02C-5E54-48C0-8EB5-CC0B3A317358}
	EndGlobalSection
EndGlobal
